
Microsoft Visual Studio Solution File, Format Version 12.00
# Visual Studio Version 17
VisualStudioVersion = 17.0.31903.59
MinimumVisualStudioVersion = 10.0.40219.1
Project("{2150E333-8FDC-42A3-9474-1A3956D46DE8}") = "DocumentsDigitalizationProject", "DocumentsDigitalizationProject", "{C41C51FE-22C0-4167-BEB2-F5AE92CD72B7}"
	ProjectSection(SolutionItems) = preProject
		.gitignore = .gitignore
	EndProjectSection
EndProject
Project("{2150E333-8FDC-42A3-9474-1A3956D46DE8}") = "Framework", "Framework", "{DA3EA7B4-1EE2-4135-8094-AA7128CB827B}"
EndProject
Project("{9A19103F-16F7-4668-BE54-9A1E7A4F7556}") = "DD.Core", "Core\DD.Core.csproj", "{B850F470-A966-4324-A42D-41E85EF8F0CA}"
EndProject
Project("{9A19103F-16F7-4668-BE54-9A1E7A4F7556}") = "DD.Infrastructure", "Infrastructure\DD.Infrastructure.csproj", "{0724D2DC-98B6-4428-B51E-0932F6734768}"
EndProject
Project("{2150E333-8FDC-42A3-9474-1A3956D46DE8}") = "Services", "Services", "{7FF3672D-AAD1-4891-B9EA-044C0EDCF5DE}"
EndProject
Project("{2150E333-8FDC-42A3-9474-1A3956D46DE8}") = "Documents", "Documents", "{03258C16-B14F-4C91-88D2-50E79A84C5A7}"
EndProject
Project("{9A19103F-16F7-4668-BE54-9A1E7A4F7556}") = "API", "Services\Documents\API\API.csproj", "{8C20AFCA-DB80-453D-B1C9-971F5511EFD5}"
EndProject
Project("{9A19103F-16F7-4668-BE54-9A1E7A4F7556}") = "Application", "Services\Documents\Application\Application.csproj", "{F11C3983-5A11-4378-B0D4-81DAA3BEE498}"
EndProject
Project("{9A19103F-16F7-4668-BE54-9A1E7A4F7556}") = "Infrastructure", "Services\Documents\Infrastructure\Infrastructure.csproj", "{95A800C6-7016-4AB6-988A-9B93E0080367}"
EndProject
Project("{9A19103F-16F7-4668-BE54-9A1E7A4F7556}") = "Domain", "Services\Documents\Domain\Domain.csproj", "{9F99F1CF-559E-4B39-910B-C3EF54023441}"
EndProject
Project("{2150E333-8FDC-42A3-9474-1A3956D46DE8}") = "Gateway", "Gateway", "{68733201-D4E3-4DE7-A8C2-0E1CD1B1F785}"
EndProject
Project("{9A19103F-16F7-4668-BE54-9A1E7A4F7556}") = "Gateway", "Gateway\Gateway\Gateway.csproj", "{7DE8808A-F130-48BB-B75A-6F32CE9A4193}"
EndProject
Project("{2150E333-8FDC-42A3-9474-1A3956D46DE8}") = "Mail", "Mail", "{14C6BDAF-1F3C-43D7-8B51-6805C11D8467}"
EndProject
Project("{9A19103F-16F7-4668-BE54-9A1E7A4F7556}") = "API", "Services\Mail\API\API.csproj", "{9CCE627D-9CE5-46CD-8BF6-4496F75C99F6}"
EndProject
Project("{9A19103F-16F7-4668-BE54-9A1E7A4F7556}") = "Application", "Services\Mail\Application\Application.csproj", "{138840B9-F0C9-49C1-804C-EF1EE194B455}"
EndProject
Project("{9A19103F-16F7-4668-BE54-9A1E7A4F7556}") = "Domain", "Services\Mail\Domain\Domain.csproj", "{7E1AF691-0E12-4193-A2B1-3D188890FC7F}"
EndProject
Project("{9A19103F-16F7-4668-BE54-9A1E7A4F7556}") = "Infrastructure", "Services\Mail\Infrastructure\Infrastructure.csproj", "{B9A45969-7C21-424B-976D-2FE944222257}"
EndProject
Project("{2150E333-8FDC-42A3-9474-1A3956D46DE8}") = "events", "events", "{A795CEA8-BBF7-4745-8A08-CE4A2CF10C9C}"
EndProject
Project("{9A19103F-16F7-4668-BE54-9A1E7A4F7556}") = "Bus", "events\Bus\Bus.csproj", "{80575481-DA9D-4BF7-BAE1-5AF3C743D17E}"
EndProject
Project("{2150E333-8FDC-42A3-9474-1A3956D46DE8}") = "FileShare", "FileShare", "{7E4F760D-2CB8-40D2-B8F6-598C6B42B43A}"
EndProject
Project("{9A19103F-16F7-4668-BE54-9A1E7A4F7556}") = "API", "Services\FileShare\API\API.csproj", "{E1EE120D-78C5-4003-94CE-5A8623649482}"
EndProject
Project("{9A19103F-16F7-4668-BE54-9A1E7A4F7556}") = "Application", "Services\FileShare\Application\Application.csproj", "{1CE1E98A-66C0-436E-9736-6A2CE2BA55FF}"
EndProject
Project("{9A19103F-16F7-4668-BE54-9A1E7A4F7556}") = "Domain", "Services\FileShare\Domain\Domain.csproj", "{B972F83B-AB08-4542-9895-3E7354550F45}"
EndProject
Project("{9A19103F-16F7-4668-BE54-9A1E7A4F7556}") = "Infrastructure", "Services\FileShare\Infrastructure\Infrastructure.csproj", "{5325575D-81B1-4071-9DC1-98A95B4A4AFB}"
EndProject
Project("{888888A0-9F3D-457C-B088-3A5042F75D52}") = "Classification", "Services\DocumentML\Classification\Classification.pyproj", "{2947523E-C122-4F99-9EB6-8422AA7FAEE8}"
EndProject
Project("{888888A0-9F3D-457C-B088-3A5042F75D52}") = "ExtractTextPDF", "Services\ExtractText\ExtractTextPDF\ExtractTextPDF.pyproj", "{D39A1BF8-CABE-425E-966D-B0CFEF5AED20}"
EndProject
Project("{2150E333-8FDC-42A3-9474-1A3956D46DE8}") = "Identity", "Identity", "{8D0B35CA-0CD0-43FC-9472-B730DB871594}"
EndProject
Project("{9A19103F-16F7-4668-BE54-9A1E7A4F7556}") = "API", "Services\Identity\API\API.csproj", "{7CEAAD5B-16B5-4EF9-AB87-9309C8DAE327}"
EndProject
Project("{9A19103F-16F7-4668-BE54-9A1E7A4F7556}") = "Application", "Services\Identity\Application\Application.csproj", "{3BD7731C-1093-4CEC-8870-194D1AAFDB59}"
EndProject
Project("{9A19103F-16F7-4668-BE54-9A1E7A4F7556}") = "Domain", "Services\Identity\Domain\Domain.csproj", "{F5A69DCB-DDC4-4EB0-B95A-505E0360FCAA}"
EndProject
Project("{9A19103F-16F7-4668-BE54-9A1E7A4F7556}") = "Infrastructure", "Services\Identity\Infrastructure\Infrastructure.csproj", "{0233786D-18BD-43C4-9876-CA36D6313FF3}"
EndProject
Project("{2150E333-8FDC-42A3-9474-1A3956D46DE8}") = "Auth", "Auth", "{A47087E8-BEDD-43B0-BA8B-D528EEB003EE}"
EndProject
Project("{9A19103F-16F7-4668-BE54-9A1E7A4F7556}") = "OpeniddictServer", "Services\OpeniddictServer\OpeniddictServer.csproj", "{AF47DE61-A953-4527-BC30-27696A52225D}"
EndProject
Project("{FAE04EC0-301F-11D3-BF4B-00C04F79EFBC}") = "GatewayAzureAd", "GatewayAzureAd\GatewayAzureAd.csproj", "{AF20E9A7-EBBD-4B37-884D-7DA4A3BADAB4}"
EndProject
Global
	GlobalSection(SolutionConfigurationPlatforms) = preSolution
		Debug|Any CPU = Debug|Any CPU
		Release|Any CPU = Release|Any CPU
	EndGlobalSection
	GlobalSection(ProjectConfigurationPlatforms) = postSolution
		{B850F470-A966-4324-A42D-41E85EF8F0CA}.Debug|Any CPU.ActiveCfg = Debug|Any CPU
		{B850F470-A966-4324-A42D-41E85EF8F0CA}.Debug|Any CPU.Build.0 = Debug|Any CPU
		{B850F470-A966-4324-A42D-41E85EF8F0CA}.Release|Any CPU.ActiveCfg = Release|Any CPU
		{B850F470-A966-4324-A42D-41E85EF8F0CA}.Release|Any CPU.Build.0 = Release|Any CPU
		{0724D2DC-98B6-4428-B51E-0932F6734768}.Debug|Any CPU.ActiveCfg = Debug|Any CPU
		{0724D2DC-98B6-4428-B51E-0932F6734768}.Debug|Any CPU.Build.0 = Debug|Any CPU
		{0724D2DC-98B6-4428-B51E-0932F6734768}.Release|Any CPU.ActiveCfg = Release|Any CPU
		{0724D2DC-98B6-4428-B51E-0932F6734768}.Release|Any CPU.Build.0 = Release|Any CPU
		{8C20AFCA-DB80-453D-B1C9-971F5511EFD5}.Debug|Any CPU.ActiveCfg = Debug|Any CPU
		{8C20AFCA-DB80-453D-B1C9-971F5511EFD5}.Debug|Any CPU.Build.0 = Debug|Any CPU
		{8C20AFCA-DB80-453D-B1C9-971F5511EFD5}.Release|Any CPU.ActiveCfg = Release|Any CPU
		{8C20AFCA-DB80-453D-B1C9-971F5511EFD5}.Release|Any CPU.Build.0 = Release|Any CPU
		{F11C3983-5A11-4378-B0D4-81DAA3BEE498}.Debug|Any CPU.ActiveCfg = Debug|Any CPU
		{F11C3983-5A11-4378-B0D4-81DAA3BEE498}.Debug|Any CPU.Build.0 = Debug|Any CPU
		{F11C3983-5A11-4378-B0D4-81DAA3BEE498}.Release|Any CPU.ActiveCfg = Release|Any CPU
		{F11C3983-5A11-4378-B0D4-81DAA3BEE498}.Release|Any CPU.Build.0 = Release|Any CPU
		{95A800C6-7016-4AB6-988A-9B93E0080367}.Debug|Any CPU.ActiveCfg = Debug|Any CPU
		{95A800C6-7016-4AB6-988A-9B93E0080367}.Debug|Any CPU.Build.0 = Debug|Any CPU
		{95A800C6-7016-4AB6-988A-9B93E0080367}.Release|Any CPU.ActiveCfg = Release|Any CPU
		{95A800C6-7016-4AB6-988A-9B93E0080367}.Release|Any CPU.Build.0 = Release|Any CPU
		{9F99F1CF-559E-4B39-910B-C3EF54023441}.Debug|Any CPU.ActiveCfg = Debug|Any CPU
		{9F99F1CF-559E-4B39-910B-C3EF54023441}.Debug|Any CPU.Build.0 = Debug|Any CPU
		{9F99F1CF-559E-4B39-910B-C3EF54023441}.Release|Any CPU.ActiveCfg = Release|Any CPU
		{9F99F1CF-559E-4B39-910B-C3EF54023441}.Release|Any CPU.Build.0 = Release|Any CPU
		{7DE8808A-F130-48BB-B75A-6F32CE9A4193}.Debug|Any CPU.ActiveCfg = Debug|Any CPU
		{7DE8808A-F130-48BB-B75A-6F32CE9A4193}.Debug|Any CPU.Build.0 = Debug|Any CPU
		{7DE8808A-F130-48BB-B75A-6F32CE9A4193}.Release|Any CPU.ActiveCfg = Release|Any CPU
		{7DE8808A-F130-48BB-B75A-6F32CE9A4193}.Release|Any CPU.Build.0 = Release|Any CPU
		{9CCE627D-9CE5-46CD-8BF6-4496F75C99F6}.Debug|Any CPU.ActiveCfg = Debug|Any CPU
		{9CCE627D-9CE5-46CD-8BF6-4496F75C99F6}.Debug|Any CPU.Build.0 = Debug|Any CPU
		{9CCE627D-9CE5-46CD-8BF6-4496F75C99F6}.Release|Any CPU.ActiveCfg = Release|Any CPU
		{9CCE627D-9CE5-46CD-8BF6-4496F75C99F6}.Release|Any CPU.Build.0 = Release|Any CPU
		{138840B9-F0C9-49C1-804C-EF1EE194B455}.Debug|Any CPU.ActiveCfg = Debug|Any CPU
		{138840B9-F0C9-49C1-804C-EF1EE194B455}.Debug|Any CPU.Build.0 = Debug|Any CPU
		{138840B9-F0C9-49C1-804C-EF1EE194B455}.Release|Any CPU.ActiveCfg = Release|Any CPU
		{138840B9-F0C9-49C1-804C-EF1EE194B455}.Release|Any CPU.Build.0 = Release|Any CPU
		{7E1AF691-0E12-4193-A2B1-3D188890FC7F}.Debug|Any CPU.ActiveCfg = Debug|Any CPU
		{7E1AF691-0E12-4193-A2B1-3D188890FC7F}.Debug|Any CPU.Build.0 = Debug|Any CPU
		{7E1AF691-0E12-4193-A2B1-3D188890FC7F}.Release|Any CPU.ActiveCfg = Release|Any CPU
		{7E1AF691-0E12-4193-A2B1-3D188890FC7F}.Release|Any CPU.Build.0 = Release|Any CPU
		{B9A45969-7C21-424B-976D-2FE944222257}.Debug|Any CPU.ActiveCfg = Debug|Any CPU
		{B9A45969-7C21-424B-976D-2FE944222257}.Debug|Any CPU.Build.0 = Debug|Any CPU
		{B9A45969-7C21-424B-976D-2FE944222257}.Release|Any CPU.ActiveCfg = Release|Any CPU
		{B9A45969-7C21-424B-976D-2FE944222257}.Release|Any CPU.Build.0 = Release|Any CPU
		{80575481-DA9D-4BF7-BAE1-5AF3C743D17E}.Debug|Any CPU.ActiveCfg = Debug|Any CPU
		{80575481-DA9D-4BF7-BAE1-5AF3C743D17E}.Debug|Any CPU.Build.0 = Debug|Any CPU
		{80575481-DA9D-4BF7-BAE1-5AF3C743D17E}.Release|Any CPU.ActiveCfg = Release|Any CPU
		{80575481-DA9D-4BF7-BAE1-5AF3C743D17E}.Release|Any CPU.Build.0 = Release|Any CPU
		{E1EE120D-78C5-4003-94CE-5A8623649482}.Debug|Any CPU.ActiveCfg = Debug|Any CPU
		{E1EE120D-78C5-4003-94CE-5A8623649482}.Debug|Any CPU.Build.0 = Debug|Any CPU
		{E1EE120D-78C5-4003-94CE-5A8623649482}.Release|Any CPU.ActiveCfg = Release|Any CPU
		{E1EE120D-78C5-4003-94CE-5A8623649482}.Release|Any CPU.Build.0 = Release|Any CPU
		{1CE1E98A-66C0-436E-9736-6A2CE2BA55FF}.Debug|Any CPU.ActiveCfg = Debug|Any CPU
		{1CE1E98A-66C0-436E-9736-6A2CE2BA55FF}.Debug|Any CPU.Build.0 = Debug|Any CPU
		{1CE1E98A-66C0-436E-9736-6A2CE2BA55FF}.Release|Any CPU.ActiveCfg = Release|Any CPU
		{1CE1E98A-66C0-436E-9736-6A2CE2BA55FF}.Release|Any CPU.Build.0 = Release|Any CPU
		{B972F83B-AB08-4542-9895-3E7354550F45}.Debug|Any CPU.ActiveCfg = Debug|Any CPU
		{B972F83B-AB08-4542-9895-3E7354550F45}.Debug|Any CPU.Build.0 = Debug|Any CPU
		{B972F83B-AB08-4542-9895-3E7354550F45}.Release|Any CPU.ActiveCfg = Release|Any CPU
		{B972F83B-AB08-4542-9895-3E7354550F45}.Release|Any CPU.Build.0 = Release|Any CPU
		{5325575D-81B1-4071-9DC1-98A95B4A4AFB}.Debug|Any CPU.ActiveCfg = Debug|Any CPU
		{5325575D-81B1-4071-9DC1-98A95B4A4AFB}.Debug|Any CPU.Build.0 = Debug|Any CPU
		{5325575D-81B1-4071-9DC1-98A95B4A4AFB}.Release|Any CPU.ActiveCfg = Release|Any CPU
		{5325575D-81B1-4071-9DC1-98A95B4A4AFB}.Release|Any CPU.Build.0 = Release|Any CPU
		{2947523E-C122-4F99-9EB6-8422AA7FAEE8}.Debug|Any CPU.ActiveCfg = Debug|Any CPU
		{2947523E-C122-4F99-9EB6-8422AA7FAEE8}.Release|Any CPU.ActiveCfg = Release|Any CPU
		{D39A1BF8-CABE-425E-966D-B0CFEF5AED20}.Debug|Any CPU.ActiveCfg = Debug|Any CPU
		{D39A1BF8-CABE-425E-966D-B0CFEF5AED20}.Release|Any CPU.ActiveCfg = Release|Any CPU
		{7CEAAD5B-16B5-4EF9-AB87-9309C8DAE327}.Debug|Any CPU.ActiveCfg = Debug|Any CPU
		{7CEAAD5B-16B5-4EF9-AB87-9309C8DAE327}.Debug|Any CPU.Build.0 = Debug|Any CPU
		{7CEAAD5B-16B5-4EF9-AB87-9309C8DAE327}.Release|Any CPU.ActiveCfg = Release|Any CPU
		{7CEAAD5B-16B5-4EF9-AB87-9309C8DAE327}.Release|Any CPU.Build.0 = Release|Any CPU
		{3BD7731C-1093-4CEC-8870-194D1AAFDB59}.Debug|Any CPU.ActiveCfg = Debug|Any CPU
		{3BD7731C-1093-4CEC-8870-194D1AAFDB59}.Debug|Any CPU.Build.0 = Debug|Any CPU
		{3BD7731C-1093-4CEC-8870-194D1AAFDB59}.Release|Any CPU.ActiveCfg = Release|Any CPU
		{3BD7731C-1093-4CEC-8870-194D1AAFDB59}.Release|Any CPU.Build.0 = Release|Any CPU
		{F5A69DCB-DDC4-4EB0-B95A-505E0360FCAA}.Debug|Any CPU.ActiveCfg = Debug|Any CPU
		{F5A69DCB-DDC4-4EB0-B95A-505E0360FCAA}.Debug|Any CPU.Build.0 = Debug|Any CPU
		{F5A69DCB-DDC4-4EB0-B95A-505E0360FCAA}.Release|Any CPU.ActiveCfg = Release|Any CPU
		{F5A69DCB-DDC4-4EB0-B95A-505E0360FCAA}.Release|Any CPU.Build.0 = Release|Any CPU
		{0233786D-18BD-43C4-9876-CA36D6313FF3}.Debug|Any CPU.ActiveCfg = Debug|Any CPU
		{0233786D-18BD-43C4-9876-CA36D6313FF3}.Debug|Any CPU.Build.0 = Debug|Any CPU
		{0233786D-18BD-43C4-9876-CA36D6313FF3}.Release|Any CPU.ActiveCfg = Release|Any CPU
		{0233786D-18BD-43C4-9876-CA36D6313FF3}.Release|Any CPU.Build.0 = Release|Any CPU
		{AF47DE61-A953-4527-BC30-27696A52225D}.Debug|Any CPU.ActiveCfg = Debug|Any CPU
		{AF47DE61-A953-4527-BC30-27696A52225D}.Debug|Any CPU.Build.0 = Debug|Any CPU
		{AF47DE61-A953-4527-BC30-27696A52225D}.Release|Any CPU.ActiveCfg = Release|Any CPU
		{AF47DE61-A953-4527-BC30-27696A52225D}.Release|Any CPU.Build.0 = Release|Any CPU
		{AF20E9A7-EBBD-4B37-884D-7DA4A3BADAB4}.Debug|Any CPU.ActiveCfg = Debug|Any CPU
		{AF20E9A7-EBBD-4B37-884D-7DA4A3BADAB4}.Debug|Any CPU.Build.0 = Debug|Any CPU
		{AF20E9A7-EBBD-4B37-884D-7DA4A3BADAB4}.Release|Any CPU.ActiveCfg = Release|Any CPU
		{AF20E9A7-EBBD-4B37-884D-7DA4A3BADAB4}.Release|Any CPU.Build.0 = Release|Any CPU
	EndGlobalSection
	GlobalSection(SolutionProperties) = preSolution
		HideSolutionNode = FALSE
	EndGlobalSection
	GlobalSection(NestedProjects) = preSolution
		{B850F470-A966-4324-A42D-41E85EF8F0CA} = {DA3EA7B4-1EE2-4135-8094-AA7128CB827B}
		{0724D2DC-98B6-4428-B51E-0932F6734768} = {DA3EA7B4-1EE2-4135-8094-AA7128CB827B}
		{7FF3672D-AAD1-4891-B9EA-044C0EDCF5DE} = {C41C51FE-22C0-4167-BEB2-F5AE92CD72B7}
		{03258C16-B14F-4C91-88D2-50E79A84C5A7} = {7FF3672D-AAD1-4891-B9EA-044C0EDCF5DE}
		{8C20AFCA-DB80-453D-B1C9-971F5511EFD5} = {03258C16-B14F-4C91-88D2-50E79A84C5A7}
		{F11C3983-5A11-4378-B0D4-81DAA3BEE498} = {03258C16-B14F-4C91-88D2-50E79A84C5A7}
		{95A800C6-7016-4AB6-988A-9B93E0080367} = {03258C16-B14F-4C91-88D2-50E79A84C5A7}
		{9F99F1CF-559E-4B39-910B-C3EF54023441} = {03258C16-B14F-4C91-88D2-50E79A84C5A7}
		{68733201-D4E3-4DE7-A8C2-0E1CD1B1F785} = {C41C51FE-22C0-4167-BEB2-F5AE92CD72B7}
		{7DE8808A-F130-48BB-B75A-6F32CE9A4193} = {68733201-D4E3-4DE7-A8C2-0E1CD1B1F785}
		{14C6BDAF-1F3C-43D7-8B51-6805C11D8467} = {7FF3672D-AAD1-4891-B9EA-044C0EDCF5DE}
		{9CCE627D-9CE5-46CD-8BF6-4496F75C99F6} = {14C6BDAF-1F3C-43D7-8B51-6805C11D8467}
		{138840B9-F0C9-49C1-804C-EF1EE194B455} = {14C6BDAF-1F3C-43D7-8B51-6805C11D8467}
		{7E1AF691-0E12-4193-A2B1-3D188890FC7F} = {14C6BDAF-1F3C-43D7-8B51-6805C11D8467}
		{B9A45969-7C21-424B-976D-2FE944222257} = {14C6BDAF-1F3C-43D7-8B51-6805C11D8467}
		{A795CEA8-BBF7-4745-8A08-CE4A2CF10C9C} = {C41C51FE-22C0-4167-BEB2-F5AE92CD72B7}
		{80575481-DA9D-4BF7-BAE1-5AF3C743D17E} = {A795CEA8-BBF7-4745-8A08-CE4A2CF10C9C}
		{7E4F760D-2CB8-40D2-B8F6-598C6B42B43A} = {7FF3672D-AAD1-4891-B9EA-044C0EDCF5DE}
		{E1EE120D-78C5-4003-94CE-5A8623649482} = {7E4F760D-2CB8-40D2-B8F6-598C6B42B43A}
		{1CE1E98A-66C0-436E-9736-6A2CE2BA55FF} = {7E4F760D-2CB8-40D2-B8F6-598C6B42B43A}
		{B972F83B-AB08-4542-9895-3E7354550F45} = {7E4F760D-2CB8-40D2-B8F6-598C6B42B43A}
		{5325575D-81B1-4071-9DC1-98A95B4A4AFB} = {7E4F760D-2CB8-40D2-B8F6-598C6B42B43A}
		{D39A1BF8-CABE-425E-966D-B0CFEF5AED20} = {C41C51FE-22C0-4167-BEB2-F5AE92CD72B7}
		{8D0B35CA-0CD0-43FC-9472-B730DB871594} = {7FF3672D-AAD1-4891-B9EA-044C0EDCF5DE}
		{7CEAAD5B-16B5-4EF9-AB87-9309C8DAE327} = {8D0B35CA-0CD0-43FC-9472-B730DB871594}
		{3BD7731C-1093-4CEC-8870-194D1AAFDB59} = {8D0B35CA-0CD0-43FC-9472-B730DB871594}
		{F5A69DCB-DDC4-4EB0-B95A-505E0360FCAA} = {8D0B35CA-0CD0-43FC-9472-B730DB871594}
		{0233786D-18BD-43C4-9876-CA36D6313FF3} = {8D0B35CA-0CD0-43FC-9472-B730DB871594}
		{A47087E8-BEDD-43B0-BA8B-D528EEB003EE} = {7FF3672D-AAD1-4891-B9EA-044C0EDCF5DE}
		{AF47DE61-A953-4527-BC30-27696A52225D} = {A47087E8-BEDD-43B0-BA8B-D528EEB003EE}
		{AF20E9A7-EBBD-4B37-884D-7DA4A3BADAB4} = {68733201-D4E3-4DE7-A8C2-0E1CD1B1F785}
	EndGlobalSection
	GlobalSection(ExtensibilityGlobals) = postSolution
		SolutionGuid = {65890A2D-071A-475A-B363-4D264240C88E}
	EndGlobalSection
EndGlobal
